
Microsoft Visual Studio Solution File, Format Version 12.00
# Visual Studio 14
VisualStudioVersion = 14.0.24720.0
MinimumVisualStudioVersion = 10.0.40219.1
Project("{FAE04EC0-301F-11D3-BF4B-00C04F79EFBC}") = "PiChat.Web", "PiChat.Web\PiChat.Web.csproj", "{99D4DD0D-9EB8-45F8-B367-5AF11331CAA0}"
EndProject
Project("{FAE04EC0-301F-11D3-BF4B-00C04F79EFBC}") = "PiChat.Bll", "PiChat.Bll\PiChat.Bll.csproj", "{AAE47C7B-0835-4AA2-9FF1-1298F842A6AD}"
EndProject
Project("{2150E333-8FDC-42A3-9474-1A3956D46DE8}") = "Docs", "Docs", "{A426B179-6DAB-4661-B25B-DA70DD924066}"
EndProject
Project("{2150E333-8FDC-42A3-9474-1A3956D46DE8}") = "Code Review", "Code Review", "{1BD7CCFB-87D2-4B11-9A8E-B812727F6D2A}"
	ProjectSection(SolutionItems) = preProject
		Docs\Code Review\Bll Review.md = Docs\Code Review\Bll Review.md
		Docs\Code Review\MVC Review.md = Docs\Code Review\MVC Review.md
		Docs\Code Review\TypeScript, Angular Review.md = Docs\Code Review\TypeScript, Angular Review.md
		Docs\Code Review\Általános .NET Review 2.md = Docs\Code Review\Általános .NET Review 2.md
		Docs\Code Review\Általános .NET Review.md = Docs\Code Review\Általános .NET Review.md
		Docs\Code Review\Érdekességek.md = Docs\Code Review\Érdekességek.md
	EndProjectSection
EndProject
Global
	GlobalSection(SolutionConfigurationPlatforms) = preSolution
		Debug|Any CPU = Debug|Any CPU
		Release|Any CPU = Release|Any CPU
	EndGlobalSection
	GlobalSection(ProjectConfigurationPlatforms) = postSolution
		{99D4DD0D-9EB8-45F8-B367-5AF11331CAA0}.Debug|Any CPU.ActiveCfg = Debug|Any CPU
		{99D4DD0D-9EB8-45F8-B367-5AF11331CAA0}.Debug|Any CPU.Build.0 = Debug|Any CPU
		{99D4DD0D-9EB8-45F8-B367-5AF11331CAA0}.Release|Any CPU.ActiveCfg = Release|Any CPU
		{99D4DD0D-9EB8-45F8-B367-5AF11331CAA0}.Release|Any CPU.Build.0 = Release|Any CPU
		{AAE47C7B-0835-4AA2-9FF1-1298F842A6AD}.Debug|Any CPU.ActiveCfg = Debug|Any CPU
		{AAE47C7B-0835-4AA2-9FF1-1298F842A6AD}.Debug|Any CPU.Build.0 = Debug|Any CPU
		{AAE47C7B-0835-4AA2-9FF1-1298F842A6AD}.Release|Any CPU.ActiveCfg = Release|Any CPU
		{AAE47C7B-0835-4AA2-9FF1-1298F842A6AD}.Release|Any CPU.Build.0 = Release|Any CPU
	EndGlobalSection
	GlobalSection(SolutionProperties) = preSolution
		HideSolutionNode = FALSE
	EndGlobalSection
	GlobalSection(NestedProjects) = preSolution
		{1BD7CCFB-87D2-4B11-9A8E-B812727F6D2A} = {A426B179-6DAB-4661-B25B-DA70DD924066}
	EndGlobalSection
	GlobalSection(TeamFoundationVersionControl) = preSolution
		SccNumberOfProjects = 3
		SccEnterpriseProvider = {4CA58AB2-18FA-4F8D-95D4-32DDF27D184C}
		SccTeamFoundationServer = https://stryker248.visualstudio.com/
		SccLocalPath0 = .
		SccProjectUniqueName1 = PiChat.Web\\PiChat.Web.csproj
		SccProjectName1 = PiChat.Web
		SccLocalPath1 = PiChat.Web
		SccProjectUniqueName2 = PiChat.Bll\\PiChat.Bll.csproj
		SccProjectName2 = PiChat.Bll
		SccLocalPath2 = PiChat.Bll
	EndGlobalSection
EndGlobal
